Microsoft Visual Studio Solution File, Format Version 12.00
# Visual Studio Version 17
VisualStudioVersion = 17.13.35828.75
MinimumVisualStudioVersion = 10.0.40219.1
Project("{FAE04EC0-301F-11D3-BF4B-00C04F79EFBC}") = "AICA-Client", "AICA-Client.csproj", "{739A5A9A-4F4F-4DAE-AC1E-5C6A8B006428}"
EndProject
Project("{FAE04EC0-301F-11D3-BF4B-00C04F79EFBC}") = "WordSearch", "modules\WordSearch\WordSearch.csproj", "{6B4757D4-12EB-4C62-B4CD-4A75C3251256}"
EndProject
Project("{FAE04EC0-301F-11D3-BF4B-00C04F79EFBC}") = "Utility", "modules\Uility\Utility.csproj", "{BD010121-AA99-4643-A4A6-683783560EA7}"
EndProject
Project("{FAE04EC0-301F-11D3-BF4B-00C04F79EFBC}") = "ModuleTest", "..\ModuleTest\ModuleTest.csproj", "{C894357A-D110-4DAC-9382-CA7A0397949E}"
EndProject
Project("{FAE04EC0-301F-11D3-BF4B-00C04F79EFBC}") = "SentenceManager", "..\SentenceManager\SentenceManager.csproj", "{BB8CEAA0-0380-4E29-8968-71C710681C03}"
EndProject
Project("{FAE04EC0-301F-11D3-BF4B-00C04F79EFBC}") = "Translate", "..\Translate\Translate.csproj", "{EE9C1851-7323-4877-9E1A-70B13FE93E53}"
EndProject
Global
	GlobalSection(SolutionConfigurationPlatforms) = preSolution
		Debug|Any CPU = Debug|Any CPU
		Release|Any CPU = Release|Any CPU
	EndGlobalSection
	GlobalSection(ProjectConfigurationPlatforms) = postSolution
		{739A5A9A-4F4F-4DAE-AC1E-5C6A8B006428}.Debug|Any CPU.ActiveCfg = Debug|Any CPU
		{739A5A9A-4F4F-4DAE-AC1E-5C6A8B006428}.Debug|Any CPU.Build.0 = Debug|Any CPU
		{739A5A9A-4F4F-4DAE-AC1E-5C6A8B006428}.Release|Any CPU.ActiveCfg = Release|Any CPU
		{739A5A9A-4F4F-4DAE-AC1E-5C6A8B006428}.Release|Any CPU.Build.0 = Release|Any CPU
		{6B4757D4-12EB-4C62-B4CD-4A75C3251256}.Debug|Any CPU.ActiveCfg = Debug|Any CPU
		{6B4757D4-12EB-4C62-B4CD-4A75C3251256}.Debug|Any CPU.Build.0 = Debug|Any CPU
		{6B4757D4-12EB-4C62-B4CD-4A75C3251256}.Release|Any CPU.ActiveCfg = Release|Any CPU
		{6B4757D4-12EB-4C62-B4CD-4A75C3251256}.Release|Any CPU.Build.0 = Release|Any CPU
		{BD010121-AA99-4643-A4A6-683783560EA7}.Debug|Any CPU.ActiveCfg = Debug|Any CPU
		{BD010121-AA99-4643-A4A6-683783560EA7}.Debug|Any CPU.Build.0 = Debug|Any CPU
		{BD010121-AA99-4643-A4A6-683783560EA7}.Release|Any CPU.ActiveCfg = Release|Any CPU
		{BD010121-AA99-4643-A4A6-683783560EA7}.Release|Any CPU.Build.0 = Release|Any CPU
		{C894357A-D110-4DAC-9382-CA7A0397949E}.Debug|Any CPU.ActiveCfg = Debug|Any CPU
		{C894357A-D110-4DAC-9382-CA7A0397949E}.Debug|Any CPU.Build.0 = Debug|Any CPU
		{C894357A-D110-4DAC-9382-CA7A0397949E}.Release|Any CPU.ActiveCfg = Release|Any CPU
		{C894357A-D110-4DAC-9382-CA7A0397949E}.Release|Any CPU.Build.0 = Release|Any CPU
		{BB8CEAA0-0380-4E29-8968-71C710681C03}.Debug|Any CPU.ActiveCfg = Debug|Any CPU
		{BB8CEAA0-0380-4E29-8968-71C710681C03}.Debug|Any CPU.Build.0 = Debug|Any CPU
		{BB8CEAA0-0380-4E29-8968-71C710681C03}.Release|Any CPU.ActiveCfg = Release|Any CPU
		{BB8CEAA0-0380-4E29-8968-71C710681C03}.Release|Any CPU.Build.0 = Release|Any CPU
		{EE9C1851-7323-4877-9E1A-70B13FE93E53}.Debug|Any CPU.ActiveCfg = Debug|Any CPU
		{EE9C1851-7323-4877-9E1A-70B13FE93E53}.Debug|Any CPU.Build.0 = Debug|Any CPU
		{EE9C1851-7323-4877-9E1A-70B13FE93E53}.Release|Any CPU.ActiveCfg = Release|Any CPU
		{EE9C1851-7323-4877-9E1A-70B13FE93E53}.Release|Any CPU.Build.0 = Release|Any CPU
	EndGlobalSection
	GlobalSection(SolutionProperties) = preSolution
		HideSolutionNode = FALSE
	EndGlobalSection
	GlobalSection(ExtensibilityGlobals) = postSolution
		SolutionGuid = {A01288F6-1EAF-4DD4-9BC1-52E03D09EE94}
	EndGlobalSection
EndGlobal
